
Microsoft Visual Studio Solution File, Format Version 12.00
# Visual Studio Version 17
VisualStudioVersion = 17.1.32319.34
MinimumVisualStudioVersion = 10.0.40219.1
Project("{FAE04EC0-301F-11D3-BF4B-00C04F79EFBC}") = "GitTutorial0412", "GitTutorial0412\GitTutorial0412.csproj", "{13B5F287-6B14-4D3B-B1E9-8005F62A697F}"
EndProject
Global
	GlobalSection(SolutionConfigurationPlatforms) = preSolution
		Debug|Any CPU = Debug|Any CPU
		Release|Any CPU = Release|Any CPU
	EndGlobalSection
	GlobalSection(ProjectConfigurationPlatforms) = postSolution
		{13B5F287-6B14-4D3B-B1E9-8005F62A697F}.Debug|Any CPU.ActiveCfg = Debug|Any CPU
		{13B5F287-6B14-4D3B-B1E9-8005F62A697F}.Debug|Any CPU.Build.0 = Debug|Any CPU
		{13B5F287-6B14-4D3B-B1E9-8005F62A697F}.Release|Any CPU.ActiveCfg = Release|Any CPU
		{13B5F287-6B14-4D3B-B1E9-8005F62A697F}.Release|Any CPU.Build.0 = Release|Any CPU
	EndGlobalSection
	GlobalSection(SolutionProperties) = preSolution
		HideSolutionNode = FALSE
	EndGlobalSection
	GlobalSection(ExtensibilityGlobals) = postSolution
		SolutionGuid = {C826D8FD-A9D9-484B-9A8C-CB848F9AA3BA}
	EndGlobalSection
EndGlobal
